// !$*UTF8*$!
{
	archiveVersion = 1;
	classes = {
	};
	objectVersion = 46;
	objects = {

/* Begin PBXBuildFile section */
		9D699E7D19EF095100A78536 /* AppDelegate.swift in Sources */ = {isa = PBXBuildFile; fileRef = 9DDAE99E19EEE01E001FED49 /* AppDelegate.swift */; };
		9DDAE9A119EEE01E001FED49 /* LecturesViewController.swift in Sources */ = {isa = PBXBuildFile; fileRef = 9DDAE9A019EEE01E001FED49 /* LecturesViewController.swift */; };
		9DDAE9A419EEE01E001FED49 /* Main.storyboard in Resources */ = {isa = PBXBuildFile; fileRef = 9DDAE9A219EEE01E001FED49 /* Main.storyboard */; };
		9DDAE9A619EEE01E001FED49 /* Images.xcassets in Resources */ = {isa = PBXBuildFile; fileRef = 9DDAE9A519EEE01E001FED49 /* Images.xcassets */; };
		9DDAE9A919EEE01E001FED49 /* LaunchScreen.xib in Resources */ = {isa = PBXBuildFile; fileRef = 9DDAE9A719EEE01E001FED49 /* LaunchScreen.xib */; };
		9DDAE9B519EEE01E001FED49 /* MUWeeklyTests.swift in Sources */ = {isa = PBXBuildFile; fileRef = 9DDAE9B419EEE01E001FED49 /* MUWeeklyTests.swift */; };
/* End PBXBuildFile section */

/* Begin PBXContainerItemProxy section */
		9DDAE9AF19EEE01E001FED49 /* PBXContainerItemProxy */ = {
			isa = PBXContainerItemProxy;
			containerPortal = 9DDAE99119EEE01E001FED49 /* Project object */;
			proxyType = 1;
			remoteGlobalIDString = 9DDAE99819EEE01E001FED49;
			remoteInfo = MUWeekly;
		};
/* End PBXContainerItemProxy section */

/* Begin PBXFileReference section */
		9DDAE99919EEE01E001FED49 /* MUWeekly.app */ = {isa = PBXFileReference; explicitFileType = wrapper.application; includeInIndex = 0; path = MUWeekly.app; sourceTree = BUILT_PRODUCTS_DIR; };
		9DDAE99D19EEE01E001FED49 /* Info.plist */ = {isa = PBXFileReference; lastKnownFileType = text.plist.xml; path = Info.plist; sourceTree = "<group>"; };
		9DDAE99E19EEE01E001FED49 /* AppDelegate.swift */ = {isa = PBXFileReference; lastKnownFileType = sourcecode.swift; path = AppDelegate.swift; sourceTree = "<group>"; };
		9DDAE9A019EEE01E001FED49 /* LecturesViewController.swift */ = {isa = PBXFileReference; lastKnownFileType = sourcecode.swift; path = LecturesViewController.swift; sourceTree = "<group>"; };
		9DDAE9A319EEE01E001FED49 /* Base */ = {isa = PBXFileReference; lastKnownFileType = file.storyboard; name = Base; path = Base.lproj/Main.storyboard; sourceTree = "<group>"; };
		9DDAE9A519EEE01E001FED49 /* Images.xcassets */ = {isa = PBXFileReference; lastKnownFileType = folder.assetcatalog; path = Images.xcassets; sourceTree = "<group>"; };
		9DDAE9A819EEE01E001FED49 /* Base */ = {isa = PBXFileReference; lastKnownFileType = file.xib; name = Base; path = Base.lproj/LaunchScreen.xib; sourceTree = "<group>"; };
		9DDAE9AE19EEE01E001FED49 /* MUWeeklyTests.xctest */ = {isa = PBXFileReference; explicitFileType = wrapper.cfbundle; includeInIndex = 0; path = MUWeeklyTests.xctest; sourceTree = BUILT_PRODUCTS_DIR; };
		9DDAE9B319EEE01E001FED49 /* Info.plist */ = {isa = PBXFileReference; lastKnownFileType = text.plist.xml; path = Info.plist; sourceTree = "<group>"; };
		9DDAE9B419EEE01E001FED49 /* MUWeeklyTests.swift */ = {isa = PBXFileReference; lastKnownFileType = sourcecode.swift; path = MUWeeklyTests.swift; sourceTree = "<group>"; };
/* End PBXFileReference section */

/* Begin PBXFrameworksBuildPhase section */
		9DDAE99619EEE01E001FED49 /* Frameworks */ = {
			isa = PBXFrameworksBuildPhase;
			buildActionMask = 2147483647;
			files = (
			);
			runOnlyForDeploymentPostprocessing = 0;
		};
		9DDAE9AB19EEE01E001FED49 /* Frameworks */ = {
			isa = PBXFrameworksBuildPhase;
			buildActionMask = 2147483647;
			files = (
			);
			runOnlyForDeploymentPostprocessing = 0;
		};
/* End PBXFrameworksBuildPhase section */

/* Begin PBXGroup section */
		9DDAE99019EEE01E001FED49 = {
			isa = PBXGroup;
			children = (
				9DDAE99B19EEE01E001FED49 /* MUWeekly */,
				9DDAE9B119EEE01E001FED49 /* MUWeeklyTests */,
				9DDAE99A19EEE01E001FED49 /* Products */,
			);
			sourceTree = "<group>";
		};
		9DDAE99A19EEE01E001FED49 /* Products */ = {
			isa = PBXGroup;
			children = (
				9DDAE99919EEE01E001FED49 /* MUWeekly.app */,
				9DDAE9AE19EEE01E001FED49 /* MUWeeklyTests.xctest */,
			);
			name = Products;
			sourceTree = "<group>";
		};
		9DDAE99B19EEE01E001FED49 /* MUWeekly */ = {
			isa = PBXGroup;
			children = (
				9DDAE99E19EEE01E001FED49 /* AppDelegate.swift */,
				9DDAE9A019EEE01E001FED49 /* LecturesViewController.swift */,
				9DDAE9A219EEE01E001FED49 /* Main.storyboard */,
				9DDAE9A519EEE01E001FED49 /* Images.xcassets */,
				9DDAE9A719EEE01E001FED49 /* LaunchScreen.xib */,
				9DDAE99C19EEE01E001FED49 /* Supporting Files */,
			);
			path = MUWeekly;
			sourceTree = "<group>";
		};
		9DDAE99C19EEE01E001FED49 /* Supporting Files */ = {
			isa = PBXGroup;
			children = (
				9DDAE99D19EEE01E001FED49 /* Info.plist */,
			);
			name = "Supporting Files";
			sourceTree = "<group>";
		};
		9DDAE9B119EEE01E001FED49 /* MUWeeklyTests */ = {
			isa = PBXGroup;
			children = (
				9DDAE9B419EEE01E001FED49 /* MUWeeklyTests.swift */,
				9DDAE9B219EEE01E001FED49 /* Supporting Files */,
			);
			path = MUWeeklyTests;
			sourceTree = "<group>";
		};
		9DDAE9B219EEE01E001FED49 /* Supporting Files */ = {
			isa = PBXGroup;
			children = (
				9DDAE9B319EEE01E001FED49 /* Info.plist */,
			);
			name = "Supporting Files";
			sourceTree = "<group>";
		};
/* End PBXGroup section */

/* Begin PBXNativeTarget section */
		9DDAE99819EEE01E001FED49 /* MUWeekly */ = {
			isa = PBXNativeTarget;
			buildConfigurationList = 9DDAE9B819EEE01E001FED49 /* Build configuration list for PBXNativeTarget "MUWeekly" */;
			buildPhases = (
				9DDAE99519EEE01E001FED49 /* Sources */,
				9DDAE99619EEE01E001FED49 /* Frameworks */,
				9DDAE99719EEE01E001FED49 /* Resources */,
			);
			buildRules = (
			);
			dependencies = (
			);
			name = MUWeekly;
			productName = MUWeekly;
			productReference = 9DDAE99919EEE01E001FED49 /* MUWeekly.app */;
			productType = "com.apple.product-type.application";
		};
		9DDAE9AD19EEE01E001FED49 /* MUWeeklyTests */ = {
			isa = PBXNativeTarget;
			buildConfigurationList = 9DDAE9BB19EEE01E001FED49 /* Build configuration list for PBXNativeTarget "MUWeeklyTests" */;
			buildPhases = (
				9DDAE9AA19EEE01E001FED49 /* Sources */,
				9DDAE9AB19EEE01E001FED49 /* Frameworks */,
				9DDAE9AC19EEE01E001FED49 /* Resources */,
			);
			buildRules = (
			);
			dependencies = (
				9DDAE9B019EEE01E001FED49 /* PBXTargetDependency */,
			);
			name = MUWeeklyTests;
			productName = MUWeeklyTests;
			productReference = 9DDAE9AE19EEE01E001FED49 /* MUWeeklyTests.xctest */;
			productType = "com.apple.product-type.bundle.unit-test";
		};
/* End PBXNativeTarget section */

/* Begin PBXProject section */
		9DDAE99119EEE01E001FED49 /* Project object */ = {
			isa = PBXProject;
			attributes = {
				LastUpgradeCheck = 0600;
				ORGANIZATIONNAME = "Alexander Ratnikov";
				TargetAttributes = {
					9DDAE99819EEE01E001FED49 = {
						CreatedOnToolsVersion = 6.0.1;
					};
					9DDAE9AD19EEE01E001FED49 = {
						CreatedOnToolsVersion = 6.0.1;
						TestTargetID = 9DDAE99819EEE01E001FED49;
					};
				};
			};
			buildConfigurationList = 9DDAE99419EEE01E001FED49 /* Build configuration list for PBXProject "MUWeekly" */;
			compatibilityVersion = "Xcode 3.2";
			developmentRegion = English;
			hasScannedForEncodings = 0;
			knownRegions = (
				en,
				Base,
			);
			mainGroup = 9DDAE99019EEE01E001FED49;
			productRefGroup = 9DDAE99A19EEE01E001FED49 /* Products */;
			projectDirPath = "";
			projectRoot = "";
			targets = (
				9DDAE99819EEE01E001FED49 /* MUWeekly */,
				9DDAE9AD19EEE01E001FED49 /* MUWeeklyTests */,
			);
		};
/* End PBXProject section */

/* Begin PBXResourcesBuildPhase section */
		9DDAE99719EEE01E001FED49 /* Resources */ = {
			isa = PBXResourcesBuildPhase;
			buildActionMask = 2147483647;
			files = (
				9DDAE9A419EEE01E001FED49 /* Main.storyboard in Resources */,
				9DDAE9A919EEE01E001FED49 /* LaunchScreen.xib in Resources */,
				9DDAE9A619EEE01E001FED49 /* Images.xcassets in Resources */,
			);
			runOnlyForDeploymentPostprocessing = 0;
		};
		9DDAE9AC19EEE01E001FED49 /* Resources */ = {
			isa = PBXResourcesBuildPhase;
			buildActionMask = 2147483647;
			files = (
			);
			runOnlyForDeploymentPostprocessing = 0;
		};
/* End PBXResourcesBuildPhase section */

/* Begin PBXSourcesBuildPhase section */
		9DDAE99519EEE01E001FED49 /* Sources */ = {
			isa = PBXSourcesBuildPhase;
			buildActionMask = 2147483647;
			files = (
				9D699E7D19EF095100A78536 /* AppDelegate.swift in Sources */,
				9DDAE9A119EEE01E001FED49 /* LecturesViewController.swift in Sources */,
			);
			runOnlyForDeploymentPostprocessing = 0;
		};
		9DDAE9AA19EEE01E001FED49 /* Sources */ = {
			isa = PBXSourcesBuildPhase;
			buildActionMask = 2147483647;
			files = (
				9DDAE9B519EEE01E001FED49 /* MUWeeklyTests.swift in Sources */,
			);
			runOnlyForDeploymentPostprocessing = 0;
		};
/* End PBXSourcesBuildPhase section */

/* Begin PBXTargetDependency section */
		9DDAE9B019EEE01E001FED49 /* PBXTargetDependency */ = {
			isa = PBXTargetDependency;
			target = 9DDAE99819EEE01E001FED49 /* MUWeekly */;
			targetProxy = 9DDAE9AF19EEE01E001FED49 /* PBXContainerItemProxy */;
		};
/* End PBXTargetDependency section */

/* Begin PBXVariantGroup section */
		9DDAE9A219EEE01E001FED49 /* Main.storyboard */ = {
			isa = PBXVariantGroup;
			children = (
				9DDAE9A319EEE01E001FED49 /* Base */,
			);
			name = Main.storyboard;
			sourceTree = "<group>";
		};
		9DDAE9A719EEE01E001FED49 /* LaunchScreen.xib */ = {
			isa = PBXVariantGroup;
			children = (
				9DDAE9A819EEE01E001FED49 /* Base */,
			);
			name = LaunchScreen.xib;
			sourceTree = "<group>";
		};
/* End PBXVariantGroup section */

/* Begin XCBuildConfiguration section */
		9DDAE9B619EEE01E001FED49 /* Debug */ = {
			isa = XCBuildConfiguration;
			buildSettings = {
				ALWAYS_SEARCH_USER_PATHS = NO;
				CLANG_CXX_LANGUAGE_STANDARD = "gnu++0x";
				CLANG_CXX_LIBRARY = "libc++";
				CLANG_ENABLE_MODULES = YES;
				CLANG_ENABLE_OBJC_ARC = YES;
				CLANG_WARN_BOOL_CONVERSION = YES;
				CLANG_WARN_CONSTANT_CONVERSION = YES;
				CLANG_WARN_DIRECT_OBJC_ISA_USAGE = YES_ERROR;
				CLANG_WARN_EMPTY_BODY = YES;
				CLANG_WARN_ENUM_CONVERSION = YES;
				CLANG_WARN_INT_CONVERSION = YES;
				CLANG_WARN_OBJC_ROOT_CLASS = YES_ERROR;
				CLANG_WARN_UNREACHABLE_CODE = YES;
				CLANG_WARN__DUPLICATE_METHOD_MATCH = YES;
				"CODE_SIGN_IDENTITY[sdk=iphoneos*]" = "iPhone Developer";
				COPY_PHASE_STRIP = NO;
				ENABLE_STRICT_OBJC_MSGSEND = YES;
				GCC_C_LANGUAGE_STANDARD = gnu99;
				GCC_DYNAMIC_NO_PIC = NO;
				GCC_OPTIMIZATION_LEVEL = 0;
				GCC_PREPROCESSOR_DEFINITIONS = (
					"DEBUG=1",
					"$(inherited)",
				);
				GCC_SYMBOLS_PRIVATE_EXTERN = NO;
				GCC_WARN_64_TO_32_BIT_CONVERSION = YES;
				GCC_WARN_ABOUT_RETURN_TYPE = YES_ERROR;
				GCC_WARN_UNDECLARED_SELECTOR = YES;
				GCC_WARN_UNINITIALIZED_AUTOS = YES_AGGRESSIVE;
				GCC_WARN_UNUSED_FUNCTION = YES;
				GCC_WARN_UNUSED_VARIABLE = YES;
				IPHONEOS_DEPLOYMENT_TARGET = 8.0;
				MTL_ENABLE_DEBUG_INFO = YES;
				ONLY_ACTIVE_ARCH = YES;
				SDKROOT = iphoneos;
				SWIFT_OPTIMIZATION_LEVEL = "-Onone";
			};
			name = Debug;
		};
		9DDAE9B719EEE01E001FED49 /* Release */ = {
			isa = XCBuildConfiguration;
			buildSettings = {
				ALWAYS_SEARCH_USER_PATHS = NO;
				CLANG_CXX_LANGUAGE_STANDARD = "gnu++0x";
				CLANG_CXX_LIBRARY = "libc++";
				CLANG_ENABLE_MODULES = YES;
				CLANG_ENABLE_OBJC_ARC = YES;
				CLANG_WARN_BOOL_CONVERSION = YES;
				CLANG_WARN_CONSTANT_CONVERSION = YES;
				CLANG_WARN_DIRECT_OBJC_ISA_USAGE = YES_ERROR;
				CLANG_WARN_EMPTY_BODY = YES;
				CLANG_WARN_ENUM_CONVERSION = YES;
				CLANG_WARN_INT_CONVERSION = YES;
				CLANG_WARN_OBJC_ROOT_CLASS = YES_ERROR;
				CLANG_WARN_UNREACHABLE_CODE = YES;
				CLANG_WARN__DUPLICATE_METHOD_MATCH = YES;
				"CODE_SIGN_IDENTITY[sdk=iphoneos*]" = "iPhone Developer";
				COPY_PHASE_STRIP = YES;
				ENABLE_NS_ASSERTIONS = NO;
				ENABLE_STRICT_OBJC_MSGSEND = YES;
				GCC_C_LANGUAGE_STANDARD = gnu99;
				GCC_WARN_64_TO_32_BIT_CONVERSION = YES;
				GCC_WARN_ABOUT_RETURN_TYPE = YES_ERROR;
				GCC_WARN_UNDECLARED_SELECTOR = YES;
				GCC_WARN_UNINITIALIZED_AUTOS = YES_AGGRESSIVE;
				GCC_WARN_UNUSED_FUNCTION = YES;
				GCC_WARN_UNUSED_VARIABLE = YES;
				IPHONEOS_DEPLOYMENT_TARGET = 8.0;
				MTL_ENABLE_DEBUG_INFO = NO;
				SDKROOT = iphoneos;
				VALIDATE_PRODUCT = YES;
			};
			name = Release;
		};
		9DDAE9B919EEE01E001FED49 /* Debug */ = {
			isa = XCBuildConfiguration;
			buildSettings = {
				ASSETCATALOG_COMPILER_APPICON_NAME = AppIcon;
				INFOPLIST_FILE = MUWeekly/Info.plist;
				LD_RUNPATH_SEARCH_PATHS = "$(inherited) @executable_path/Frameworks";
				PRODUCT_NAME = "$(TARGET_NAME)";
			};
			name = Debug;
		};
		9DDAE9BA19EEE01E001FED49 /* Release */ = {
			isa = XCBuildConfiguration;
			buildSettings = {
				ASSETCATALOG_COMPILER_APPICON_NAME = AppIcon;
				INFOPLIST_FILE = MUWeekly/Info.plist;
				LD_RUNPATH_SEARCH_PATHS = "$(inherited) @executable_path/Frameworks";
				PRODUCT_NAME = "$(TARGET_NAME)";
			};
			name = Release;
		};
		9DDAE9BC19EEE01E001FED49 /* Debug */ = {
			isa = XCBuildConfiguration;
			buildSettings = {
				BUNDLE_LOADER = "$(TEST_HOST)";
				FRAMEWORK_SEARCH_PATHS = (
					"$(SDKROOT)/Developer/Library/Frameworks",
					"$(inherited)",
				);
				GCC_PREPROCESSOR_DEFINITIONS = (
					"DEBUG=1",
					"$(inherited)",
				);
				INFOPLIST_FILE = MUWeeklyTests/Info.plist;
				LD_RUNPATH_SEARCH_PATHS = "$(inherited) @executable_path/Frameworks @loader_path/Frameworks";
				PRODUCT_NAME = "$(TARGET_NAME)";
				TEST_HOST = "$(BUILT_PRODUCTS_DIR)/MUWeekly.app/MUWeekly";
			};
			name = Debug;
		};
		9DDAE9BD19EEE01E001FED49 /* Release */ = {
			isa = XCBuildConfiguration;
			buildSettings = {
				BUNDLE_LOADER = "$(TEST_HOST)";
				FRAMEWORK_SEARCH_PATHS = (
					"$(SDKROOT)/Developer/Library/Frameworks",
					"$(inherited)",
				);
				INFOPLIST_FILE = MUWeeklyTests/Info.plist;
				LD_RUNPATH_SEARCH_PATHS = "$(inherited) @executable_path/Frameworks @loader_path/Frameworks";
				PRODUCT_NAME = "$(TARGET_NAME)";
				TEST_HOST = "$(BUILT_PRODUCTS_DIR)/MUWeekly.app/MUWeekly";
			};
			name = Release;
		};
/* End XCBuildConfiguration section */

/* Begin XCConfigurationList section */
		9DDAE99419EEE01E001FED49 /* Build configuration list for PBXProject "MUWeekly" */ = {
			isa = XCConfigurationList;
			buildConfigurations = (
				9DDAE9B619EEE01E001FED49 /* Debug */,
				9DDAE9B719EEE01E001FED49 /* Release */,
			);
			defaultConfigurationIsVisible = 0;
			defaultConfigurationName = Release;
		};
		9DDAE9B819EEE01E001FED49 /* Build configuration list for PBXNativeTarget "MUWeekly" */ = {
			isa = XCConfigurationList;
			buildConfigurations = (
				9DDAE9B919EEE01E001FED49 /* Debug */,
				9DDAE9BA19EEE01E001FED49 /* Release */,
			);
			defaultConfigurationIsVisible = 0;
			defaultConfigurationName = Release;
		};
		9DDAE9BB19EEE01E001FED49 /* Build configuration list for PBXNativeTarget "MUWeeklyTests" */ = {
			isa = XCConfigurationList;
			buildConfigurations = (
				9DDAE9BC19EEE01E001FED49 /* Debug */,
				9DDAE9BD19EEE01E001FED49 /* Release */,
			);
			defaultConfigurationIsVisible = 0;
			defaultConfigurationName = Release;
		};
/* End XCConfigurationList section */
	};
	rootObject = 9DDAE99119EEE01E001FED49 /* Project object */;
}
